
Microsoft Visual Studio Solution File, Format Version 12.00
# Visual Studio Version 17
VisualStudioVersion = 17.0.31903.59
MinimumVisualStudioVersion = 10.0.40219.1
Project("{2150E333-8FDC-42A3-9474-1A3956D46DE8}") = "src", "src", "{827E0CD3-B72D-47B6-A68D-7590B98EB39B}"
EndProject
Project("{FAE04EC0-301F-11D3-BF4B-00C04F79EFBC}") = "NoJsonSchema.Core", "src\NoJsonSchema.Core\NoJsonSchema.Core.csproj", "{ACD2A64C-C7BA-4C24-B450-C1F81DB19BB8}"
EndProject
Project("{FAE04EC0-301F-11D3-BF4B-00C04F79EFBC}") = "NoJsonSchema.Cli", "src\NoJsonSchema.Cli\NoJsonSchema.Cli.csproj", "{5B2A8A92-03F7-48D6-956A-ABEA21BF9FFF}"
EndProject
Project("{2150E333-8FDC-42A3-9474-1A3956D46DE8}") = "tests", "tests", "{0AB3BF05-4346-4AA6-1389-037BE0695223}"
EndProject
Project("{FAE04EC0-301F-11D3-BF4B-00C04F79EFBC}") = "NoJsonSchema.Core.Tests", "tests\NoJsonSchema.Core.Tests\NoJsonSchema.Core.Tests.csproj", "{09EEED72-C9FF-4DC0-8FE0-CE97BE499038}"
EndProject
Project("{FAE04EC0-301F-11D3-BF4B-00C04F79EFBC}") = "NoJsonSchema.Snapshot.Tests", "tests\NoJsonSchema.Snapshot.Tests\NoJsonSchema.Snapshot.Tests.csproj", "{6FC37DEF-A320-4ED4-98D3-6F6F924F7354}"
EndProject
Project("{FAE04EC0-301F-11D3-BF4B-00C04F79EFBC}") = "NoJsonSchema.Roundtrip.Tests", "tests\NoJsonSchema.Roundtrip.Tests\NoJsonSchema.Roundtrip.Tests.csproj", "{A24B9960-6F5F-43C3-A3EF-D62BD32A8F25}"
EndProject
Project("{FAE04EC0-301F-11D3-BF4B-00C04F79EFBC}") = "NoJsonSchema.DapIntegration.Tests", "tests\NoJsonSchema.DapIntegration.Tests\NoJsonSchema.DapIntegration.Tests.csproj", "{AF6E2E94-DDAC-4307-A327-56B544F6DF21}"
EndProject
Project("{2150E333-8FDC-42A3-9474-1A3956D46DE8}") = "samples", "samples", "{5D20AA90-6969-D8BD-9DCD-8634F4692FDA}"
EndProject
Project("{FAE04EC0-301F-11D3-BF4B-00C04F79EFBC}") = "Dap", "samples\Dap\Dap.csproj", "{237AA369-C6BD-4E58-9563-0AF754DEB57C}"
EndProject
Project("{FAE04EC0-301F-11D3-BF4B-00C04F79EFBC}") = "NoJsonSchema.SourceGenerator", "src\NoJsonSchema.SourceGenerator\NoJsonSchema.SourceGenerator.csproj", "{54077AF5-F265-4100-A1BE-FB7F4BDD661C}"
EndProject
Project("{FAE04EC0-301F-11D3-BF4B-00C04F79EFBC}") = "NoJsonSchema.SourceGenerator.Tests", "tests\NoJsonSchema.SourceGenerator.Tests\NoJsonSchema.SourceGenerator.Tests.csproj", "{8E626435-3A20-4C98-B34F-9F0EC845E59D}"
EndProject
Global
	GlobalSection(SolutionConfigurationPlatforms) = preSolution
		Debug|Any CPU = Debug|Any CPU
		Debug|x64 = Debug|x64
		Debug|x86 = Debug|x86
		Release|Any CPU = Release|Any CPU
		Release|x64 = Release|x64
		Release|x86 = Release|x86
	EndGlobalSection
	GlobalSection(ProjectConfigurationPlatforms) = postSolution
		{ACD2A64C-C7BA-4C24-B450-C1F81DB19BB8}.Debug|Any CPU.ActiveCfg = Debug|Any CPU
		{ACD2A64C-C7BA-4C24-B450-C1F81DB19BB8}.Debug|Any CPU.Build.0 = Debug|Any CPU
		{ACD2A64C-C7BA-4C24-B450-C1F81DB19BB8}.Debug|x64.ActiveCfg = Debug|Any CPU
		{ACD2A64C-C7BA-4C24-B450-C1F81DB19BB8}.Debug|x64.Build.0 = Debug|Any CPU
		{ACD2A64C-C7BA-4C24-B450-C1F81DB19BB8}.Debug|x86.ActiveCfg = Debug|Any CPU
		{ACD2A64C-C7BA-4C24-B450-C1F81DB19BB8}.Debug|x86.Build.0 = Debug|Any CPU
		{ACD2A64C-C7BA-4C24-B450-C1F81DB19BB8}.Release|Any CPU.ActiveCfg = Release|Any CPU
		{ACD2A64C-C7BA-4C24-B450-C1F81DB19BB8}.Release|Any CPU.Build.0 = Release|Any CPU
		{ACD2A64C-C7BA-4C24-B450-C1F81DB19BB8}.Release|x64.ActiveCfg = Release|Any CPU
		{ACD2A64C-C7BA-4C24-B450-C1F81DB19BB8}.Release|x64.Build.0 = Release|Any CPU
		{ACD2A64C-C7BA-4C24-B450-C1F81DB19BB8}.Release|x86.ActiveCfg = Release|Any CPU
		{ACD2A64C-C7BA-4C24-B450-C1F81DB19BB8}.Release|x86.Build.0 = Release|Any CPU
		{5B2A8A92-03F7-48D6-956A-ABEA21BF9FFF}.Debug|Any CPU.ActiveCfg = Debug|Any CPU
		{5B2A8A92-03F7-48D6-956A-ABEA21BF9FFF}.Debug|Any CPU.Build.0 = Debug|Any CPU
		{5B2A8A92-03F7-48D6-956A-ABEA21BF9FFF}.Debug|x64.ActiveCfg = Debug|Any CPU
		{5B2A8A92-03F7-48D6-956A-ABEA21BF9FFF}.Debug|x64.Build.0 = Debug|Any CPU
		{5B2A8A92-03F7-48D6-956A-ABEA21BF9FFF}.Debug|x86.ActiveCfg = Debug|Any CPU
		{5B2A8A92-03F7-48D6-956A-ABEA21BF9FFF}.Debug|x86.Build.0 = Debug|Any CPU
		{5B2A8A92-03F7-48D6-956A-ABEA21BF9FFF}.Release|Any CPU.ActiveCfg = Release|Any CPU
		{5B2A8A92-03F7-48D6-956A-ABEA21BF9FFF}.Release|Any CPU.Build.0 = Release|Any CPU
		{5B2A8A92-03F7-48D6-956A-ABEA21BF9FFF}.Release|x64.ActiveCfg = Release|Any CPU
		{5B2A8A92-03F7-48D6-956A-ABEA21BF9FFF}.Release|x64.Build.0 = Release|Any CPU
		{5B2A8A92-03F7-48D6-956A-ABEA21BF9FFF}.Release|x86.ActiveCfg = Release|Any CPU
		{5B2A8A92-03F7-48D6-956A-ABEA21BF9FFF}.Release|x86.Build.0 = Release|Any CPU
		{09EEED72-C9FF-4DC0-8FE0-CE97BE499038}.Debug|Any CPU.ActiveCfg = Debug|Any CPU
		{09EEED72-C9FF-4DC0-8FE0-CE97BE499038}.Debug|Any CPU.Build.0 = Debug|Any CPU
		{09EEED72-C9FF-4DC0-8FE0-CE97BE499038}.Debug|x64.ActiveCfg = Debug|Any CPU
		{09EEED72-C9FF-4DC0-8FE0-CE97BE499038}.Debug|x64.Build.0 = Debug|Any CPU
		{09EEED72-C9FF-4DC0-8FE0-CE97BE499038}.Debug|x86.ActiveCfg = Debug|Any CPU
		{09EEED72-C9FF-4DC0-8FE0-CE97BE499038}.Debug|x86.Build.0 = Debug|Any CPU
		{09EEED72-C9FF-4DC0-8FE0-CE97BE499038}.Release|Any CPU.ActiveCfg = Release|Any CPU
		{09EEED72-C9FF-4DC0-8FE0-CE97BE499038}.Release|Any CPU.Build.0 = Release|Any CPU
		{09EEED72-C9FF-4DC0-8FE0-CE97BE499038}.Release|x64.ActiveCfg = Release|Any CPU
		{09EEED72-C9FF-4DC0-8FE0-CE97BE499038}.Release|x64.Build.0 = Release|Any CPU
		{09EEED72-C9FF-4DC0-8FE0-CE97BE499038}.Release|x86.ActiveCfg = Release|Any CPU
		{09EEED72-C9FF-4DC0-8FE0-CE97BE499038}.Release|x86.Build.0 = Release|Any CPU
		{6FC37DEF-A320-4ED4-98D3-6F6F924F7354}.Debug|Any CPU.ActiveCfg = Debug|Any CPU
		{6FC37DEF-A320-4ED4-98D3-6F6F924F7354}.Debug|Any CPU.Build.0 = Debug|Any CPU
		{6FC37DEF-A320-4ED4-98D3-6F6F924F7354}.Debug|x64.ActiveCfg = Debug|Any CPU
		{6FC37DEF-A320-4ED4-98D3-6F6F924F7354}.Debug|x64.Build.0 = Debug|Any CPU
		{6FC37DEF-A320-4ED4-98D3-6F6F924F7354}.Debug|x86.ActiveCfg = Debug|Any CPU
		{6FC37DEF-A320-4ED4-98D3-6F6F924F7354}.Debug|x86.Build.0 = Debug|Any CPU
		{6FC37DEF-A320-4ED4-98D3-6F6F924F7354}.Release|Any CPU.ActiveCfg = Release|Any CPU
		{6FC37DEF-A320-4ED4-98D3-6F6F924F7354}.Release|Any CPU.Build.0 = Release|Any CPU
		{6FC37DEF-A320-4ED4-98D3-6F6F924F7354}.Release|x64.ActiveCfg = Release|Any CPU
		{6FC37DEF-A320-4ED4-98D3-6F6F924F7354}.Release|x64.Build.0 = Release|Any CPU
		{6FC37DEF-A320-4ED4-98D3-6F6F924F7354}.Release|x86.ActiveCfg = Release|Any CPU
		{6FC37DEF-A320-4ED4-98D3-6F6F924F7354}.Release|x86.Build.0 = Release|Any CPU
		{A24B9960-6F5F-43C3-A3EF-D62BD32A8F25}.Debug|Any CPU.ActiveCfg = Debug|Any CPU
		{A24B9960-6F5F-43C3-A3EF-D62BD32A8F25}.Debug|Any CPU.Build.0 = Debug|Any CPU
		{A24B9960-6F5F-43C3-A3EF-D62BD32A8F25}.Debug|x64.ActiveCfg = Debug|Any CPU
		{A24B9960-6F5F-43C3-A3EF-D62BD32A8F25}.Debug|x64.Build.0 = Debug|Any CPU
		{A24B9960-6F5F-43C3-A3EF-D62BD32A8F25}.Debug|x86.ActiveCfg = Debug|Any CPU
		{A24B9960-6F5F-43C3-A3EF-D62BD32A8F25}.Debug|x86.Build.0 = Debug|Any CPU
		{A24B9960-6F5F-43C3-A3EF-D62BD32A8F25}.Release|Any CPU.ActiveCfg = Release|Any CPU
		{A24B9960-6F5F-43C3-A3EF-D62BD32A8F25}.Release|Any CPU.Build.0 = Release|Any CPU
		{A24B9960-6F5F-43C3-A3EF-D62BD32A8F25}.Release|x64.ActiveCfg = Release|Any CPU
		{A24B9960-6F5F-43C3-A3EF-D62BD32A8F25}.Release|x64.Build.0 = Release|Any CPU
		{A24B9960-6F5F-43C3-A3EF-D62BD32A8F25}.Release|x86.ActiveCfg = Release|Any CPU
		{A24B9960-6F5F-43C3-A3EF-D62BD32A8F25}.Release|x86.Build.0 = Release|Any CPU
		{AF6E2E94-DDAC-4307-A327-56B544F6DF21}.Debug|Any CPU.ActiveCfg = Debug|Any CPU
		{AF6E2E94-DDAC-4307-A327-56B544F6DF21}.Debug|Any CPU.Build.0 = Debug|Any CPU
		{AF6E2E94-DDAC-4307-A327-56B544F6DF21}.Debug|x64.ActiveCfg = Debug|Any CPU
		{AF6E2E94-DDAC-4307-A327-56B544F6DF21}.Debug|x64.Build.0 = Debug|Any CPU
		{AF6E2E94-DDAC-4307-A327-56B544F6DF21}.Debug|x86.ActiveCfg = Debug|Any CPU
		{AF6E2E94-DDAC-4307-A327-56B544F6DF21}.Debug|x86.Build.0 = Debug|Any CPU
		{AF6E2E94-DDAC-4307-A327-56B544F6DF21}.Release|Any CPU.ActiveCfg = Release|Any CPU
		{AF6E2E94-DDAC-4307-A327-56B544F6DF21}.Release|Any CPU.Build.0 = Release|Any CPU
		{AF6E2E94-DDAC-4307-A327-56B544F6DF21}.Release|x64.ActiveCfg = Release|Any CPU
		{AF6E2E94-DDAC-4307-A327-56B544F6DF21}.Release|x64.Build.0 = Release|Any CPU
		{AF6E2E94-DDAC-4307-A327-56B544F6DF21}.Release|x86.ActiveCfg = Release|Any CPU
		{AF6E2E94-DDAC-4307-A327-56B544F6DF21}.Release|x86.Build.0 = Release|Any CPU
		{237AA369-C6BD-4E58-9563-0AF754DEB57C}.Debug|Any CPU.ActiveCfg = Debug|Any CPU
		{237AA369-C6BD-4E58-9563-0AF754DEB57C}.Debug|Any CPU.Build.0 = Debug|Any CPU
		{237AA369-C6BD-4E58-9563-0AF754DEB57C}.Debug|x64.ActiveCfg = Debug|Any CPU
		{237AA369-C6BD-4E58-9563-0AF754DEB57C}.Debug|x64.Build.0 = Debug|Any CPU
		{237AA369-C6BD-4E58-9563-0AF754DEB57C}.Debug|x86.ActiveCfg = Debug|Any CPU
		{237AA369-C6BD-4E58-9563-0AF754DEB57C}.Debug|x86.Build.0 = Debug|Any CPU
		{237AA369-C6BD-4E58-9563-0AF754DEB57C}.Release|Any CPU.ActiveCfg = Release|Any CPU
		{237AA369-C6BD-4E58-9563-0AF754DEB57C}.Release|Any CPU.Build.0 = Release|Any CPU
		{237AA369-C6BD-4E58-9563-0AF754DEB57C}.Release|x64.ActiveCfg = Release|Any CPU
		{237AA369-C6BD-4E58-9563-0AF754DEB57C}.Release|x64.Build.0 = Release|Any CPU
		{237AA369-C6BD-4E58-9563-0AF754DEB57C}.Release|x86.ActiveCfg = Release|Any CPU
		{237AA369-C6BD-4E58-9563-0AF754DEB57C}.Release|x86.Build.0 = Release|Any CPU
		{54077AF5-F265-4100-A1BE-FB7F4BDD661C}.Debug|Any CPU.ActiveCfg = Debug|Any CPU
		{54077AF5-F265-4100-A1BE-FB7F4BDD661C}.Debug|Any CPU.Build.0 = Debug|Any CPU
		{54077AF5-F265-4100-A1BE-FB7F4BDD661C}.Debug|x64.ActiveCfg = Debug|Any CPU
		{54077AF5-F265-4100-A1BE-FB7F4BDD661C}.Debug|x64.Build.0 = Debug|Any CPU
		{54077AF5-F265-4100-A1BE-FB7F4BDD661C}.Debug|x86.ActiveCfg = Debug|Any CPU
		{54077AF5-F265-4100-A1BE-FB7F4BDD661C}.Debug|x86.Build.0 = Debug|Any CPU
		{54077AF5-F265-4100-A1BE-FB7F4BDD661C}.Release|Any CPU.ActiveCfg = Release|Any CPU
		{54077AF5-F265-4100-A1BE-FB7F4BDD661C}.Release|Any CPU.Build.0 = Release|Any CPU
		{54077AF5-F265-4100-A1BE-FB7F4BDD661C}.Release|x64.ActiveCfg = Release|Any CPU
		{54077AF5-F265-4100-A1BE-FB7F4BDD661C}.Release|x64.Build.0 = Release|Any CPU
		{54077AF5-F265-4100-A1BE-FB7F4BDD661C}.Release|x86.ActiveCfg = Release|Any CPU
		{54077AF5-F265-4100-A1BE-FB7F4BDD661C}.Release|x86.Build.0 = Release|Any CPU
		{8E626435-3A20-4C98-B34F-9F0EC845E59D}.Debug|Any CPU.ActiveCfg = Debug|Any CPU
		{8E626435-3A20-4C98-B34F-9F0EC845E59D}.Debug|Any CPU.Build.0 = Debug|Any CPU
		{8E626435-3A20-4C98-B34F-9F0EC845E59D}.Debug|x64.ActiveCfg = Debug|Any CPU
		{8E626435-3A20-4C98-B34F-9F0EC845E59D}.Debug|x64.Build.0 = Debug|Any CPU
		{8E626435-3A20-4C98-B34F-9F0EC845E59D}.Debug|x86.ActiveCfg = Debug|Any CPU
		{8E626435-3A20-4C98-B34F-9F0EC845E59D}.Debug|x86.Build.0 = Debug|Any CPU
		{8E626435-3A20-4C98-B34F-9F0EC845E59D}.Release|Any CPU.ActiveCfg = Release|Any CPU
		{8E626435-3A20-4C98-B34F-9F0EC845E59D}.Release|Any CPU.Build.0 = Release|Any CPU
		{8E626435-3A20-4C98-B34F-9F0EC845E59D}.Release|x64.ActiveCfg = Release|Any CPU
		{8E626435-3A20-4C98-B34F-9F0EC845E59D}.Release|x64.Build.0 = Release|Any CPU
		{8E626435-3A20-4C98-B34F-9F0EC845E59D}.Release|x86.ActiveCfg = Release|Any CPU
		{8E626435-3A20-4C98-B34F-9F0EC845E59D}.Release|x86.Build.0 = Release|Any CPU
	EndGlobalSection
	GlobalSection(SolutionProperties) = preSolution
		HideSolutionNode = FALSE
	EndGlobalSection
	GlobalSection(NestedProjects) = preSolution
		{ACD2A64C-C7BA-4C24-B450-C1F81DB19BB8} = {827E0CD3-B72D-47B6-A68D-7590B98EB39B}
		{5B2A8A92-03F7-48D6-956A-ABEA21BF9FFF} = {827E0CD3-B72D-47B6-A68D-7590B98EB39B}
		{09EEED72-C9FF-4DC0-8FE0-CE97BE499038} = {0AB3BF05-4346-4AA6-1389-037BE0695223}
		{6FC37DEF-A320-4ED4-98D3-6F6F924F7354} = {0AB3BF05-4346-4AA6-1389-037BE0695223}
		{A24B9960-6F5F-43C3-A3EF-D62BD32A8F25} = {0AB3BF05-4346-4AA6-1389-037BE0695223}
		{AF6E2E94-DDAC-4307-A327-56B544F6DF21} = {0AB3BF05-4346-4AA6-1389-037BE0695223}
		{237AA369-C6BD-4E58-9563-0AF754DEB57C} = {5D20AA90-6969-D8BD-9DCD-8634F4692FDA}
		{54077AF5-F265-4100-A1BE-FB7F4BDD661C} = {827E0CD3-B72D-47B6-A68D-7590B98EB39B}
		{8E626435-3A20-4C98-B34F-9F0EC845E59D} = {0AB3BF05-4346-4AA6-1389-037BE0695223}
	EndGlobalSection
EndGlobal
